
Microsoft Visual Studio Solution File, Format Version 12.00
# Visual Studio Version 17
VisualStudioVersion = 17.2.32519.379
MinimumVisualStudioVersion = 10.0.40219.1
Project("{FAE04EC0-301F-11D3-BF4B-00C04F79EFBC}") = "WebAccesoDatos", "WebAccesoDatos\WebAccesoDatos.csproj", "{11E71CFB-BABE-45E7-A422-765D23D7E4BA}"
EndProject
Global
	GlobalSection(SolutionConfigurationPlatforms) = preSolution
		Debug|Any CPU = Debug|Any CPU
		Release|Any CPU = Release|Any CPU
	EndGlobalSection
	GlobalSection(ProjectConfigurationPlatforms) = postSolution
		{11E71CFB-BABE-45E7-A422-765D23D7E4BA}.Debug|Any CPU.ActiveCfg = Debug|Any CPU
		{11E71CFB-BABE-45E7-A422-765D23D7E4BA}.Debug|Any CPU.Build.0 = Debug|Any CPU
		{11E71CFB-BABE-45E7-A422-765D23D7E4BA}.Release|Any CPU.ActiveCfg = Release|Any CPU
		{11E71CFB-BABE-45E7-A422-765D23D7E4BA}.Release|Any CPU.Build.0 = Release|Any CPU
	EndGlobalSection
	GlobalSection(SolutionProperties) = preSolution
		HideSolutionNode = FALSE
	EndGlobalSection
	GlobalSection(ExtensibilityGlobals) = postSolution
		SolutionGuid = {3FDBDC9C-2FDA-4018-9733-8DF8903D7BD2}
	EndGlobalSection
EndGlobal
